// !$*UTF8*$!
{
	archiveVersion = 1;
	classes = {
	};
	objectVersion = 56;
	objects = {

/* Begin PBXBuildFile section */
		418DC65B29BA45B000013501 /* Module_2_FinalApp.swift in Sources */ = {isa = PBXBuildFile; fileRef = 418DC65A29BA45B000013501 /* Module_2_FinalApp.swift */; };
		418DC65D29BA45B000013501 /* ListView.swift in Sources */ = {isa = PBXBuildFile; fileRef = 418DC65C29BA45B000013501 /* ListView.swift */; };
		418DC65F29BA45B200013501 /* Assets.xcassets in Resources */ = {isa = PBXBuildFile; fileRef = 418DC65E29BA45B200013501 /* Assets.xcassets */; };
		418DC66229BA45B200013501 /* Preview Assets.xcassets in Resources */ = {isa = PBXBuildFile; fileRef = 418DC66129BA45B200013501 /* Preview Assets.xcassets */; };
		418DC66E29BA471900013501 /* Quoter.swift in Sources */ = {isa = PBXBuildFile; fileRef = 418DC66D29BA471900013501 /* Quoter.swift */; };
		418DC67029BA476E00013501 /* QuoterModel.swift in Sources */ = {isa = PBXBuildFile; fileRef = 418DC66F29BA476E00013501 /* QuoterModel.swift */; };
		418DC67229BA4A2100013501 /* data.json in Resources */ = {isa = PBXBuildFile; fileRef = 418DC67129BA4A2100013501 /* data.json */; };
		418DC67429BA5D5D00013501 /* DataService.swift in Sources */ = {isa = PBXBuildFile; fileRef = 418DC67329BA5D5D00013501 /* DataService.swift */; };
		418DC67629D3CCA700013501 /* QuoterDetailView.swift in Sources */ = {isa = PBXBuildFile; fileRef = 418DC67529D3CCA700013501 /* QuoterDetailView.swift */; };
/* End PBXBuildFile section */

/* Begin PBXFileReference section */
		418DC65729BA45B000013501 /* Module 2 Final.app */ = {isa = PBXFileReference; explicitFileType = wrapper.application; includeInIndex = 0; path = "Module 2 Final.app"; sourceTree = BUILT_PRODUCTS_DIR; };
		418DC65A29BA45B000013501 /* Module_2_FinalApp.swift */ = {isa = PBXFileReference; lastKnownFileType = sourcecode.swift; path = Module_2_FinalApp.swift; sourceTree = "<group>"; };
		418DC65C29BA45B000013501 /* ListView.swift */ = {isa = PBXFileReference; lastKnownFileType = sourcecode.swift; path = ListView.swift; sourceTree = "<group>"; };
		418DC65E29BA45B200013501 /* Assets.xcassets */ = {isa = PBXFileReference; lastKnownFileType = folder.assetcatalog; path = Assets.xcassets; sourceTree = "<group>"; };
		418DC66129BA45B200013501 /* Preview Assets.xcassets */ = {isa = PBXFileReference; lastKnownFileType = folder.assetcatalog; path = "Preview Assets.xcassets"; sourceTree = "<group>"; };
		418DC66D29BA471900013501 /* Quoter.swift */ = {isa = PBXFileReference; lastKnownFileType = sourcecode.swift; path = Quoter.swift; sourceTree = "<group>"; };
		418DC66F29BA476E00013501 /* QuoterModel.swift */ = {isa = PBXFileReference; lastKnownFileType = sourcecode.swift; path = QuoterModel.swift; sourceTree = "<group>"; };
		418DC67129BA4A2100013501 /* data.json */ = {isa = PBXFileReference; lastKnownFileType = text.json; path = data.json; sourceTree = "<group>"; };
		418DC67329BA5D5D00013501 /* DataService.swift */ = {isa = PBXFileReference; lastKnownFileType = sourcecode.swift; path = DataService.swift; sourceTree = "<group>"; };
		418DC67529D3CCA700013501 /* QuoterDetailView.swift */ = {isa = PBXFileReference; lastKnownFileType = sourcecode.swift; path = QuoterDetailView.swift; sourceTree = "<group>"; };
/* End PBXFileReference section */

/* Begin PBXFrameworksBuildPhase section */
		418DC65429BA45B000013501 /* Frameworks */ = {
			isa = PBXFrameworksBuildPhase;
			buildActionMask = 2147483647;
			files = (
			);
			runOnlyForDeploymentPostprocessing = 0;
		};
/* End PBXFrameworksBuildPhase section */

/* Begin PBXGroup section */
		418DC64E29BA45B000013501 = {
			isa = PBXGroup;
			children = (
				418DC65929BA45B000013501 /* Module 2 Final */,
				418DC65829BA45B000013501 /* Products */,
			);
			sourceTree = "<group>";
		};
		418DC65829BA45B000013501 /* Products */ = {
			isa = PBXGroup;
			children = (
				418DC65729BA45B000013501 /* Module 2 Final.app */,
			);
			name = Products;
			sourceTree = "<group>";
		};
		418DC65929BA45B000013501 /* Module 2 Final */ = {
			isa = PBXGroup;
			children = (
				418DC65A29BA45B000013501 /* Module_2_FinalApp.swift */,
				418DC66B29BA46BC00013501 /* Models */,
				418DC66A29BA46B500013501 /* ViewModels */,
				418DC66829BA46A600013501 /* Views */,
				418DC66929BA46B000013501 /* Data */,
				418DC66C29BA46CA00013501 /* Services */,
				418DC65E29BA45B200013501 /* Assets.xcassets */,
				418DC66029BA45B200013501 /* Preview Content */,
			);
			path = "Module 2 Final";
			sourceTree = "<group>";
		};
		418DC66029BA45B200013501 /* Preview Content */ = {
			isa = PBXGroup;
			children = (
				418DC66129BA45B200013501 /* Preview Assets.xcassets */,
			);
			path = "Preview Content";
			sourceTree = "<group>";
		};
		418DC66829BA46A600013501 /* Views */ = {
			isa = PBXGroup;
			children = (
				418DC65C29BA45B000013501 /* ListView.swift */,
				418DC67529D3CCA700013501 /* QuoterDetailView.swift */,
			);
			path = Views;
			sourceTree = "<group>";
		};
		418DC66929BA46B000013501 /* Data */ = {
			isa = PBXGroup;
			children = (
				418DC67129BA4A2100013501 /* data.json */,
			);
			path = Data;
			sourceTree = "<group>";
		};
		418DC66A29BA46B500013501 /* ViewModels */ = {
			isa = PBXGroup;
			children = (
				418DC66F29BA476E00013501 /* QuoterModel.swift */,
			);
			path = ViewModels;
			sourceTree = "<group>";
		};
		418DC66B29BA46BC00013501 /* Models */ = {
			isa = PBXGroup;
			children = (
				418DC66D29BA471900013501 /* Quoter.swift */,
			);
			path = Models;
			sourceTree = "<group>";
		};
		418DC66C29BA46CA00013501 /* Services */ = {
			isa = PBXGroup;
			children = (
				418DC67329BA5D5D00013501 /* DataService.swift */,
			);
			path = Services;
			sourceTree = "<group>";
		};
/* End PBXGroup section */

/* Begin PBXNativeTarget section */
		418DC65629BA45B000013501 /* Module 2 Final */ = {
			isa = PBXNativeTarget;
			buildConfigurationList = 418DC66529BA45B200013501 /* Build configuration list for PBXNativeTarget "Module 2 Final" */;
			buildPhases = (
				418DC65329BA45B000013501 /* Sources */,
				418DC65429BA45B000013501 /* Frameworks */,
				418DC65529BA45B000013501 /* Resources */,
			);
			buildRules = (
			);
			dependencies = (
			);
			name = "Module 2 Final";
			productName = "Module 2 Final";
			productReference = 418DC65729BA45B000013501 /* Module 2 Final.app */;
			productType = "com.apple.product-type.application";
		};
/* End PBXNativeTarget section */

/* Begin PBXProject section */
		418DC64F29BA45B000013501 /* Project object */ = {
			isa = PBXProject;
			attributes = {
				BuildIndependentTargetsInParallel = 1;
				LastSwiftUpdateCheck = 1420;
				LastUpgradeCheck = 1420;
				TargetAttributes = {
					418DC65629BA45B000013501 = {
						CreatedOnToolsVersion = 14.2;
					};
				};
			};
			buildConfigurationList = 418DC65229BA45B000013501 /* Build configuration list for PBXProject "Module 2 Final" */;
			compatibilityVersion = "Xcode 14.0";
			developmentRegion = en;
			hasScannedForEncodings = 0;
			knownRegions = (
				en,
				Base,
			);
			mainGroup = 418DC64E29BA45B000013501;
			productRefGroup = 418DC65829BA45B000013501 /* Products */;
			projectDirPath = "";
			projectRoot = "";
			targets = (
				418DC65629BA45B000013501 /* Module 2 Final */,
			);
		};
/* End PBXProject section */

/* Begin PBXResourcesBuildPhase section */
		418DC65529BA45B000013501 /* Resources */ = {
			isa = PBXResourcesBuildPhase;
			buildActionMask = 2147483647;
			files = (
				418DC66229BA45B200013501 /* Preview Assets.xcassets in Resources */,
				418DC67229BA4A2100013501 /* data.json in Resources */,
				418DC65F29BA45B200013501 /* Assets.xcassets in Resources */,
			);
			runOnlyForDeploymentPostprocessing = 0;
		};
/* End PBXResourcesBuildPhase section */

/* Begin PBXSourcesBuildPhase section */
		418DC65329BA45B000013501 /* Sources */ = {
			isa = PBXSourcesBuildPhase;
			buildActionMask = 2147483647;
			files = (
				418DC65D29BA45B000013501 /* ListView.swift in Sources */,
				418DC67629D3CCA700013501 /* QuoterDetailView.swift in Sources */,
				418DC67029BA476E00013501 /* QuoterModel.swift in Sources */,
				418DC65B29BA45B000013501 /* Module_2_FinalApp.swift in Sources */,
				418DC66E29BA471900013501 /* Quoter.swift in Sources */,
				418DC67429BA5D5D00013501 /* DataService.swift in Sources */,
			);
			runOnlyForDeploymentPostprocessing = 0;
		};
/* End PBXSourcesBuildPhase section */

/* Begin XCBuildConfiguration section */
		418DC66329BA45B200013501 /* Debug */ = {
			isa = XCBuildConfiguration;
			buildSettings = {
				ALWAYS_SEARCH_USER_PATHS = NO;
				CLANG_ANALYZER_NONNULL = YES;
				CLANG_ANALYZER_NUMBER_OBJECT_CONVERSION = YES_AGGRESSIVE;
				CLANG_CXX_LANGUAGE_STANDARD = "gnu++20";
				CLANG_ENABLE_MODULES = YES;
				CLANG_ENABLE_OBJC_ARC = YES;
				CLANG_ENABLE_OBJC_WEAK = YES;
				CLANG_WARN_BLOCK_CAPTURE_AUTORELEASING = YES;
				CLANG_WARN_BOOL_CONVERSION = YES;
				CLANG_WARN_COMMA = YES;
				CLANG_WARN_CONSTANT_CONVERSION = YES;
				CLANG_WARN_DEPRECATED_OBJC_IMPLEMENTATIONS = YES;
				CLANG_WARN_DIRECT_OBJC_ISA_USAGE = YES_ERROR;
				CLANG_WARN_DOCUMENTATION_COMMENTS = YES;
				CLANG_WARN_EMPTY_BODY = YES;
				CLANG_WARN_ENUM_CONVERSION = YES;
				CLANG_WARN_INFINITE_RECURSION = YES;
				CLANG_WARN_INT_CONVERSION = YES;
				CLANG_WARN_NON_LITERAL_NULL_CONVERSION = YES;
				CLANG_WARN_OBJC_IMPLICIT_RETAIN_SELF = YES;
				CLANG_WARN_OBJC_LITERAL_CONVERSION = YES;
				CLANG_WARN_OBJC_ROOT_CLASS = YES_ERROR;
				CLANG_WARN_QUOTED_INCLUDE_IN_FRAMEWORK_HEADER = YES;
				CLANG_WARN_RANGE_LOOP_ANALYSIS = YES;
				CLANG_WARN_STRICT_PROTOTYPES = YES;
				CLANG_WARN_SUSPICIOUS_MOVE = YES;
				CLANG_WARN_UNGUARDED_AVAILABILITY = YES_AGGRESSIVE;
				CLANG_WARN_UNREACHABLE_CODE = YES;
				CLANG_WARN__DUPLICATE_METHOD_MATCH = YES;
				COPY_PHASE_STRIP = NO;
				DEBUG_INFORMATION_FORMAT = dwarf;
				ENABLE_STRICT_OBJC_MSGSEND = YES;
				ENABLE_TESTABILITY = YES;
				GCC_C_LANGUAGE_STANDARD = gnu11;
				GCC_DYNAMIC_NO_PIC = NO;
				GCC_NO_COMMON_BLOCKS = YES;
				GCC_OPTIMIZATION_LEVEL = 0;
				GCC_PREPROCESSOR_DEFINITIONS = (
					"DEBUG=1",
					"$(inherited)",
				);
				GCC_WARN_64_TO_32_BIT_CONVERSION = YES;
				GCC_WARN_ABOUT_RETURN_TYPE = YES_ERROR;
				GCC_WARN_UNDECLARED_SELECTOR = YES;
				GCC_WARN_UNINITIALIZED_AUTOS = YES_AGGRESSIVE;
				GCC_WARN_UNUSED_FUNCTION = YES;
				GCC_WARN_UNUSED_VARIABLE = YES;
				IPHONEOS_DEPLOYMENT_TARGET = 16.2;
				MTL_ENABLE_DEBUG_INFO = INCLUDE_SOURCE;
				MTL_FAST_MATH = YES;
				ONLY_ACTIVE_ARCH = YES;
				SDKROOT = iphoneos;
				SWIFT_ACTIVE_COMPILATION_CONDITIONS = DEBUG;
				SWIFT_OPTIMIZATION_LEVEL = "-Onone";
			};
			name = Debug;
		};
		418DC66429BA45B200013501 /* Release */ = {
			isa = XCBuildConfiguration;
			buildSettings = {
				ALWAYS_SEARCH_USER_PATHS = NO;
				CLANG_ANALYZER_NONNULL = YES;
				CLANG_ANALYZER_NUMBER_OBJECT_CONVERSION = YES_AGGRESSIVE;
				CLANG_CXX_LANGUAGE_STANDARD = "gnu++20";
				CLANG_ENABLE_MODULES = YES;
				CLANG_ENABLE_OBJC_ARC = YES;
				CLANG_ENABLE_OBJC_WEAK = YES;
				CLANG_WARN_BLOCK_CAPTURE_AUTORELEASING = YES;
				CLANG_WARN_BOOL_CONVERSION = YES;
				CLANG_WARN_COMMA = YES;
				CLANG_WARN_CONSTANT_CONVERSION = YES;
				CLANG_WARN_DEPRECATED_OBJC_IMPLEMENTATIONS = YES;
				CLANG_WARN_DIRECT_OBJC_ISA_USAGE = YES_ERROR;
				CLANG_WARN_DOCUMENTATION_COMMENTS = YES;
				CLANG_WARN_EMPTY_BODY = YES;
				CLANG_WARN_ENUM_CONVERSION = YES;
				CLANG_WARN_INFINITE_RECURSION = YES;
				CLANG_WARN_INT_CONVERSION = YES;
				CLANG_WARN_NON_LITERAL_NULL_CONVERSION = YES;
				CLANG_WARN_OBJC_IMPLICIT_RETAIN_SELF = YES;
				CLANG_WARN_OBJC_LITERAL_CONVERSION = YES;
				CLANG_WARN_OBJC_ROOT_CLASS = YES_ERROR;
				CLANG_WARN_QUOTED_INCLUDE_IN_FRAMEWORK_HEADER = YES;
				CLANG_WARN_RANGE_LOOP_ANALYSIS = YES;
				CLANG_WARN_STRICT_PROTOTYPES = YES;
				CLANG_WARN_SUSPICIOUS_MOVE = YES;
				CLANG_WARN_UNGUARDED_AVAILABILITY = YES_AGGRESSIVE;
				CLANG_WARN_UNREACHABLE_CODE = YES;
				CLANG_WARN__DUPLICATE_METHOD_MATCH = YES;
				COPY_PHASE_STRIP = NO;
				DEBUG_INFORMATION_FORMAT = "dwarf-with-dsym";
				ENABLE_NS_ASSERTIONS = NO;
				ENABLE_STRICT_OBJC_MSGSEND = YES;
				GCC_C_LANGUAGE_STANDARD = gnu11;
				GCC_NO_COMMON_BLOCKS = YES;
				GCC_WARN_64_TO_32_BIT_CONVERSION = YES;
				GCC_WARN_ABOUT_RETURN_TYPE = YES_ERROR;
				GCC_WARN_UNDECLARED_SELECTOR = YES;
				GCC_WARN_UNINITIALIZED_AUTOS = YES_AGGRESSIVE;
				GCC_WARN_UNUSED_FUNCTION = YES;
				GCC_WARN_UNUSED_VARIABLE = YES;
				IPHONEOS_DEPLOYMENT_TARGET = 16.2;
				MTL_ENABLE_DEBUG_INFO = NO;
				MTL_FAST_MATH = YES;
				SDKROOT = iphoneos;
				SWIFT_COMPILATION_MODE = wholemodule;
				SWIFT_OPTIMIZATION_LEVEL = "-O";
				VALIDATE_PRODUCT = YES;
			};
			name = Release;
		};
		418DC66629BA45B200013501 /* Debug */ = {
			isa = XCBuildConfiguration;
			buildSettings = {
				ASSETCATALOG_COMPILER_APPICON_NAME = AppIcon;
				ASSETCATALOG_COMPILER_GLOBAL_ACCENT_COLOR_NAME = AccentColor;
				CODE_SIGN_STYLE = Automatic;
				CURRENT_PROJECT_VERSION = 1;
				DEVELOPMENT_ASSET_PATHS = "\"Module 2 Final/Preview Content\"";
				ENABLE_PREVIEWS = YES;
				GENERATE_INFOPLIST_FILE = YES;
				INFOPLIST_KEY_UIApplicationSceneManifest_Generation = YES;
				INFOPLIST_KEY_UIApplicationSupportsIndirectInputEvents = YES;
				INFOPLIST_KEY_UILaunchScreen_Generation = YES;
				INFOPLIST_KEY_UISupportedInterfaceOrientations_iPad = "UIInterfaceOrientationPortrait UIInterfaceOrientationPortraitUpsideDown UIInterfaceOrientationLandscapeLeft UIInterfaceOrientationLandscapeRight";
				INFOPLIST_KEY_UISupportedInterfaceOrientations_iPhone = "UIInterfaceOrientationPortrait UIInterfaceOrientationLandscapeLeft UIInterfaceOrientationLandscapeRight";
				LD_RUNPATH_SEARCH_PATHS = (
					"$(inherited)",
					"@executable_path/Frameworks",
				);
				MARKETING_VERSION = 1.0;
				PRODUCT_BUNDLE_IDENTIFIER = "com.zachmommaerts.Module-2-Final";
				PRODUCT_NAME = "$(TARGET_NAME)";
				SWIFT_EMIT_LOC_STRINGS = YES;
				SWIFT_VERSION = 5.0;
				TARGETED_DEVICE_FAMILY = "1,2";
			};
			name = Debug;
		};
		418DC66729BA45B200013501 /* Release */ = {
			isa = XCBuildConfiguration;
			buildSettings = {
				ASSETCATALOG_COMPILER_APPICON_NAME = AppIcon;
				ASSETCATALOG_COMPILER_GLOBAL_ACCENT_COLOR_NAME = AccentColor;
				CODE_SIGN_STYLE = Automatic;
				CURRENT_PROJECT_VERSION = 1;
				DEVELOPMENT_ASSET_PATHS = "\"Module 2 Final/Preview Content\"";
				ENABLE_PREVIEWS = YES;
				GENERATE_INFOPLIST_FILE = YES;
				INFOPLIST_KEY_UIApplicationSceneManifest_Generation = YES;
				INFOPLIST_KEY_UIApplicationSupportsIndirectInputEvents = YES;
				INFOPLIST_KEY_UILaunchScreen_Generation = YES;
				INFOPLIST_KEY_UISupportedInterfaceOrientations_iPad = "UIInterfaceOrientationPortrait UIInterfaceOrientationPortraitUpsideDown UIInterfaceOrientationLandscapeLeft UIInterfaceOrientationLandscapeRight";
				INFOPLIST_KEY_UISupportedInterfaceOrientations_iPhone = "UIInterfaceOrientationPortrait UIInterfaceOrientationLandscapeLeft UIInterfaceOrientationLandscapeRight";
				LD_RUNPATH_SEARCH_PATHS = (
					"$(inherited)",
					"@executable_path/Frameworks",
				);
				MARKETING_VERSION = 1.0;
				PRODUCT_BUNDLE_IDENTIFIER = "com.zachmommaerts.Module-2-Final";
				PRODUCT_NAME = "$(TARGET_NAME)";
				SWIFT_EMIT_LOC_STRINGS = YES;
				SWIFT_VERSION = 5.0;
				TARGETED_DEVICE_FAMILY = "1,2";
			};
			name = Release;
		};
/* End XCBuildConfiguration section */

/* Begin XCConfigurationList section */
		418DC65229BA45B000013501 /* Build configuration list for PBXProject "Module 2 Final" */ = {
			isa = XCConfigurationList;
			buildConfigurations = (
				418DC66329BA45B200013501 /* Debug */,
				418DC66429BA45B200013501 /* Release */,
			);
			defaultConfigurationIsVisible = 0;
			defaultConfigurationName = Release;
		};
		418DC66529BA45B200013501 /* Build configuration list for PBXNativeTarget "Module 2 Final" */ = {
			isa = XCConfigurationList;
			buildConfigurations = (
				418DC66629BA45B200013501 /* Debug */,
				418DC66729BA45B200013501 /* Release */,
			);
			defaultConfigurationIsVisible = 0;
			defaultConfigurationName = Release;
		};
/* End XCConfigurationList section */
	};
	rootObject = 418DC64F29BA45B000013501 /* Project object */;
}
